
Microsoft Visual Studio Solution File, Format Version 12.00
# Visual Studio Version 17
VisualStudioVersion = 17.5.002.0
MinimumVisualStudioVersion = 10.0.40219.1
Project("{9A19103F-16F7-4668-BE54-9A1E7A4F7556}") = "JfWebApp", "JfWebApp.csproj", "{DC140216-9214-4DD7-8C4C-81A28C48E49F}"
EndProject
Global
	GlobalSection(SolutionConfigurationPlatforms) = preSolution
		Debug|Any CPU = Debug|Any CPU
		Release|Any CPU = Release|Any CPU
	EndGlobalSection
	GlobalSection(ProjectConfigurationPlatforms) = postSolution
		{DC140216-9214-4DD7-8C4C-81A28C48E49F}.Debug|Any CPU.ActiveCfg = Debug|Any CPU
		{DC140216-9214-4DD7-8C4C-81A28C48E49F}.Debug|Any CPU.Build.0 = Debug|Any CPU
		{DC140216-9214-4DD7-8C4C-81A28C48E49F}.Release|Any CPU.ActiveCfg = Release|Any CPU
		{DC140216-9214-4DD7-8C4C-81A28C48E49F}.Release|Any CPU.Build.0 = Release|Any CPU
	EndGlobalSection
	GlobalSection(SolutionProperties) = preSolution
		HideSolutionNode = FALSE
	EndGlobalSection
	GlobalSection(ExtensibilityGlobals) = postSolution
		SolutionGuid = {E257BCA2-EF4B-43E3-BADF-470CD8C2D23B}
	EndGlobalSection
EndGlobal
